{
    "_meta": {
        "hash": {
            "sha256": "a6de7749df8d9e2034609e1f24be28b8895e101b6f3595a2d1d605cb293c8769"
        },
        "pipfile-spec": 6,
        "requires": {
            "python_version": "3.10"
        },
        "sources": [
            {
                "name": "pypi",
                "url": "https://pypi.org/simple",
                "verify_ssl": true
            }
        ]
    },
    "default": {
        "anyio": {
            "hashes": [
                "sha256:25ea0d673ae30af41a0c442f81cf3b38c7e79fdc7b60335a4c14e05eb0947421",
                "sha256:fbbe32bd270d2a2ef3ed1c5d45041250284e31fc0a4df4a5a6071842051a51e3"
            ],
            "markers": "python_full_version >= '3.6.2'",
            "version": "==3.6.2"
        },
        "asttokens": {
            "hashes": [
                "sha256:1b28ed85e254b724439afc783d4bee767f780b936c3fe8b3275332f42cf5f561",
                "sha256:4aa76401a151c8cc572d906aad7aea2a841780834a19d780f4321c0fe1b54635"
            ],
            "version": "==2.1.0"
        },
        "backcall": {
            "hashes": [
                "sha256:5cbdbf27be5e7cfadb448baf0aa95508f91f2bbc6c6437cd9cd06e2a4c215e1e",
                "sha256:fbbce6a29f263178a1f7915c1940bde0ec2b2a967566fe1c65c1dfb7422bd255"
            ],
            "version": "==0.2.0"
        },
        "click": {
            "hashes": [
                "sha256:7682dc8afb30297001674575ea00d1814d808d6a36af415a82bd481d37ba7b8e",
                "sha256:bb4d8133cb15a609f44e8213d9b391b0809795062913b383c62be0ee95b1db48"
            ],
            "markers": "python_version >= '3.7'",
            "version": "==8.1.3"
        },
        "decorator": {
            "hashes": [
                "sha256:637996211036b6385ef91435e4fae22989472f9d571faba8927ba8253acbc330",
                "sha256:b8c3f85900b9dc423225913c5aace94729fe1fa9763b38939a95226f02d37186"
            ],
            "markers": "python_version >= '3.5'",
            "version": "==5.1.1"
        },
        "dnspython": {
            "hashes": [
                "sha256:0f7569a4a6ff151958b64304071d370daa3243d15941a7beedf0c9fe5105603e",
                "sha256:a851e51367fb93e9e1361732c1d60dab63eff98712e503ea7d92e6eccb109b4f"
            ],
            "version": "==2.2.1"
        },
        "executing": {
            "hashes": [
                "sha256:0314a69e37426e3608aada02473b4161d4caf5a4b244d1d0c48072b8fee7bacc",
                "sha256:19da64c18d2d851112f09c287f8d3dbbdf725ab0e569077efb6cdcbd3497c107"
            ],
            "version": "==1.2.0"
        },
        "fastapi": {
            "hashes": [
                "sha256:1facd097189682a4ff11cbd01334a992e51b56be663b2bd50c2c09523624f144",
                "sha256:de3166b6b1163dc22da4dc4ebdc3192fcbac7700dd1870a1afa44de636a636b5"
            ],
            "index": "pypi",
            "version": "==0.85.1"
        },
        "fastapi-pagination": {
            "extras": [
                "pymongo"
            ],
            "hashes": [
                "sha256:513401bee242d5965ca2edef77a44c62b5e9e23eb32fb020c1c4ae9ffbf972cd",
                "sha256:cc9db23dabc9ce49e2c24a046ffcb58eedab4c1a3ace7fffa03eed44ed2936e5"
            ],
            "index": "pypi",
            "version": "==0.10.0"
        },
        "h11": {
            "hashes": [
                "sha256:8f19fbbe99e72420ff35c00b27a34cb9937e902a8b810e2c88300c6f0a3b699d",
                "sha256:e3fe4ac4b851c468cc8363d500db52c2ead036020723024a109d37346efaa761"
            ],
            "markers": "python_version >= '3.7'",
            "version": "==0.14.0"
        },
        "idna": {
            "hashes": [
                "sha256:814f528e8dead7d329833b91c5faa87d60bf71824cd12a7530b5526063d02cb4",
                "sha256:90b77e79eaa3eba6de819a0c442c0b4ceefc341a7a2ab77d7562bf49f425c5c2"
            ],
            "markers": "python_version >= '3.5'",
            "version": "==3.4"
        },
        "install": {
            "hashes": [
                "sha256:0d3fadf4aa62c95efe8d34757c8507eb46177f86c016c21c6551eafc6a53d5a9",
                "sha256:e67c8a0be5ccf8cb4ffa17d090f3a61b6e820e6a7e21cd1d2c0f7bc59b18e647"
            ],
            "index": "pypi",
            "version": "==1.3.5"
        },
        "ipython": {
            "hashes": [
                "sha256:097bdf5cd87576fd066179c9f7f208004f7a6864ee1b20f37d346c0bcb099f84",
                "sha256:6f090e29ab8ef8643e521763a4f1f39dc3914db643122b1e9d3328ff2e43ada2"
            ],
            "index": "pypi",
            "version": "==8.5.0"
        },
        "jedi": {
            "hashes": [
                "sha256:637c9635fcf47945ceb91cd7f320234a7be540ded6f3e99a50cb6febdfd1ba8d",
                "sha256:74137626a64a99c8eb6ae5832d99b3bdd7d29a3850fe2aa80a4126b2a7d949ab"
            ],
            "markers": "python_version >= '3.6'",
            "version": "==0.18.1"
        },
        "matplotlib-inline": {
            "hashes": [
                "sha256:f1f41aab5328aa5aaea9b16d083b128102f8712542f819fe7e6a420ff581b311",
                "sha256:f887e5f10ba98e8d2b150ddcf4702c1e5f8b3a20005eb0f74bfdbd360ee6f304"
            ],
            "markers": "python_version >= '3.5'",
            "version": "==0.1.6"
        },
        "parso": {
            "hashes": [
                "sha256:8c07be290bb59f03588915921e29e8a50002acaf2cdc5fa0e0114f91709fafa0",
                "sha256:c001d4636cd3aecdaf33cbb40aebb59b094be2a74c556778ef5576c175e19e75"
            ],
            "markers": "python_version >= '3.6'",
            "version": "==0.8.3"
        },
        "pexpect": {
            "hashes": [
                "sha256:0b48a55dcb3c05f3329815901ea4fc1537514d6ba867a152b581d69ae3710937",
                "sha256:fc65a43959d153d0114afe13997d439c22823a27cefceb5ff35c2178c6784c0c"
            ],
            "markers": "sys_platform != 'win32'",
            "version": "==4.8.0"
        },
        "pickleshare": {
            "hashes": [
                "sha256:87683d47965c1da65cdacaf31c8441d12b8044cdec9aca500cd78fc2c683afca",
                "sha256:9649af414d74d4df115d5d718f82acb59c9d418196b7b4290ed47a12ce62df56"
            ],
            "version": "==0.7.5"
        },
        "prompt-toolkit": {
            "hashes": [
                "sha256:24becda58d49ceac4dc26232eb179ef2b21f133fecda7eed6018d341766ed76e",
                "sha256:e7f2129cba4ff3b3656bbdda0e74ee00d2f874a8bcdb9dd16f5fec7b3e173cae"
            ],
            "markers": "python_full_version >= '3.6.2'",
            "version": "==3.0.32"
        },
        "ptyprocess": {
            "hashes": [
                "sha256:4b41f3967fce3af57cc7e94b888626c18bf37a083e3651ca8feeb66d492fef35",
                "sha256:5c5d0a3b48ceee0b48485e0c26037c0acd7d29765ca3fbb5cb3831d347423220"
            ],
            "version": "==0.7.0"
        },
        "pure-eval": {
            "hashes": [
                "sha256:01eaab343580944bc56080ebe0a674b39ec44a945e6d09ba7db3cb8cec289350",
                "sha256:2b45320af6dfaa1750f543d714b6d1c520a1688dec6fd24d339063ce0aaa9ac3"
            ],
            "version": "==0.2.2"
        },
        "pydantic": {
            "hashes": [
                "sha256:05e00dbebbe810b33c7a7362f231893183bcc4251f3f2ff991c31d5c08240c42",
                "sha256:06094d18dd5e6f2bbf93efa54991c3240964bb663b87729ac340eb5014310624",
                "sha256:0b959f4d8211fc964772b595ebb25f7652da3f22322c007b6fed26846a40685e",
                "sha256:19b3b9ccf97af2b7519c42032441a891a5e05c68368f40865a90eb88833c2559",
                "sha256:1b6ee725bd6e83ec78b1aa32c5b1fa67a3a65badddde3976bca5fe4568f27709",
                "sha256:1ee433e274268a4b0c8fde7ad9d58ecba12b069a033ecc4645bb6303c062d2e9",
                "sha256:216f3bcbf19c726b1cc22b099dd409aa371f55c08800bcea4c44c8f74b73478d",
                "sha256:2d0567e60eb01bccda3a4df01df677adf6b437958d35c12a3ac3e0f078b0ee52",
                "sha256:2e05aed07fa02231dbf03d0adb1be1d79cabb09025dd45aa094aa8b4e7b9dcda",
                "sha256:352aedb1d71b8b0736c6d56ad2bd34c6982720644b0624462059ab29bd6e5912",
                "sha256:355639d9afc76bcb9b0c3000ddcd08472ae75318a6eb67a15866b87e2efa168c",
                "sha256:37c90345ec7dd2f1bcef82ce49b6235b40f282b94d3eec47e801baf864d15525",
                "sha256:4b8795290deaae348c4eba0cebb196e1c6b98bdbe7f50b2d0d9a4a99716342fe",
                "sha256:5760e164b807a48a8f25f8aa1a6d857e6ce62e7ec83ea5d5c5a802eac81bad41",
                "sha256:6eb843dcc411b6a2237a694f5e1d649fc66c6064d02b204a7e9d194dff81eb4b",
                "sha256:7b5ba54d026c2bd2cb769d3468885f23f43710f651688e91f5fb1edcf0ee9283",
                "sha256:7c2abc4393dea97a4ccbb4ec7d8658d4e22c4765b7b9b9445588f16c71ad9965",
                "sha256:81a7b66c3f499108b448f3f004801fcd7d7165fb4200acb03f1c2402da73ce4c",
                "sha256:91b8e218852ef6007c2b98cd861601c6a09f1aa32bbbb74fab5b1c33d4a1e410",
                "sha256:9300fcbebf85f6339a02c6994b2eb3ff1b9c8c14f502058b5bf349d42447dcf5",
                "sha256:9cabf4a7f05a776e7793e72793cd92cc865ea0e83a819f9ae4ecccb1b8aa6116",
                "sha256:a1f5a63a6dfe19d719b1b6e6106561869d2efaca6167f84f5ab9347887d78b98",
                "sha256:a4c805731c33a8db4b6ace45ce440c4ef5336e712508b4d9e1aafa617dc9907f",
                "sha256:ae544c47bec47a86bc7d350f965d8b15540e27e5aa4f55170ac6a75e5f73b644",
                "sha256:b97890e56a694486f772d36efd2ba31612739bc6f3caeee50e9e7e3ebd2fdd13",
                "sha256:bb6ad4489af1bac6955d38ebcb95079a836af31e4c4f74aba1ca05bb9f6027bd",
                "sha256:bedf309630209e78582ffacda64a21f96f3ed2e51fbf3962d4d488e503420254",
                "sha256:c1ba1afb396148bbc70e9eaa8c06c1716fdddabaf86e7027c5988bae2a829ab6",
                "sha256:c33602f93bfb67779f9c507e4d69451664524389546bacfe1bee13cae6dc7488",
                "sha256:c4aac8e7103bf598373208f6299fa9a5cfd1fc571f2d40bf1dd1955a63d6eeb5",
                "sha256:c6f981882aea41e021f72779ce2a4e87267458cc4d39ea990729e21ef18f0f8c",
                "sha256:cc78cc83110d2f275ec1970e7a831f4e371ee92405332ebfe9860a715f8336e1",
                "sha256:d49f3db871575e0426b12e2f32fdb25e579dea16486a26e5a0474af87cb1ab0a",
                "sha256:dd3f9a40c16daf323cf913593083698caee97df2804aa36c4b3175d5ac1b92a2",
                "sha256:e0bedafe4bc165ad0a56ac0bd7695df25c50f76961da29c050712596cf092d6d",
                "sha256:e9069e1b01525a96e6ff49e25876d90d5a563bc31c658289a8772ae186552236"
            ],
            "index": "pypi",
            "version": "==1.10.2"
        },
        "pygments": {
            "hashes": [
                "sha256:56a8508ae95f98e2b9bdf93a6be5ae3f7d8af858b43e02c5a2ff083726be40c1",
                "sha256:f643f331ab57ba3c9d89212ee4a2dabc6e94f117cf4eefde99a0574720d14c42"
            ],
            "markers": "python_version >= '3.6'",
            "version": "==2.13.0"
        },
        "pymongo": {
            "extras": [
                "srv"
            ],
            "hashes": [
                "sha256:01721da74558f2f64a9f162ee063df403ed656b7d84229268d8e4ae99cfba59c",
                "sha256:07564178ecc203a84f63e72972691af6c0c82d2dc0c9da66ba711695276089ba",
                "sha256:0f53253f4777cbccc426e669a2af875f26c95bd090d88593287b9a0a8ac7fa25",
                "sha256:10f09c4f09757c2e2a707ad7304f5d69cb8fdf7cbfb644dbacfe5bbe8afe311b",
                "sha256:124d0e880b66f9b0778613198e89984984fdd37a3030a9007e5f459a42dfa2d3",
                "sha256:147a23cd96feb67606ac957744d8d25b013426cdc3c7164a4f99bd8253f649e3",
                "sha256:153b8f8705970756226dfeeb7bb9637e0ad54a4d79b480b4c8244e34e16e1662",
                "sha256:193cc97d44b1e6d2253ea94e30c6f94f994efb7166e2452af4df55825266e88b",
                "sha256:1a957cdc2b26eeed4d8f1889a40c6023dd1bd94672dd0f5ce327314f2caaefd4",
                "sha256:1c81414b706627f15e921e29ae2403aab52e33e36ed92ed989c602888d7c3b90",
                "sha256:21238b19243a42f9a34a6d39e7580ceebc6da6d2f3cf729c1cff9023cb61a5f1",
                "sha256:2bfe6b59f431f40fa545547616f4acf0c0c4b64518b1f951083e3bad06eb368b",
                "sha256:314b556afd72eb21a6a10bd1f45ef252509f014f80207db59c97372103c88237",
                "sha256:31c50da4a080166bc29403aa91f4c76e0889b4f24928d1b60508a37c1bf87f9a",
                "sha256:3be53e9888e759c49ae35d747ff77a04ff82b894dd64601e0f3a5a159b406245",
                "sha256:44b36ccb90aac5ea50be23c1a6e8f24fbfc78afabdef114af16c6e0a80981364",
                "sha256:4cadaaa5c19ad23fc84559e90284f2eb003c36958ebb2c06f286b678f441285f",
                "sha256:60c470a58c5b62b1b12a5f5458f8e2f2f67b94e198d03dc5352f854d9230c394",
                "sha256:6673ab3fbf3135cc1a8c0f70d480db5b2378c3a70af8d602f73f76b8338bdf97",
                "sha256:68e1e49a5675748233f7b05330f092582cd52f2850b4244939fd75ba640593ed",
                "sha256:69d0180bca594e81cdb4a2af328bdb4046f59e10aaeef7619496fe64f2ec918c",
                "sha256:6bd5888997ea3eae9830c6cc7964b61dcfbc50eb3a5a6ce56ad5f86d5579b11c",
                "sha256:701d331060dae72bf3ebdb82924405d14136a69282ccb00c89fc69dee21340b4",
                "sha256:70216ec4c248213ae95ea499b6314c385ce01a5946c448fb22f6c8395806e740",
                "sha256:72f338f6aabd37d343bd9d1fdd3de921104d395766bcc5cdc4039e4c2dd97766",
                "sha256:764fc15418d94bce5c2f8ebdbf66544f96f42efb1364b61e715e5b33281b388d",
                "sha256:766acb5b1a19eae0f7467bcd3398748f110ea5309cdfc59faa5185dcc7fd4dca",
                "sha256:76892bbce743eb9f90360b3626ea92f13d338010a1004b4488e79e555b339921",
                "sha256:773467d25c293f8e981b092361dab5fd800e1ba318403b7959d35004c67faedc",
                "sha256:80cbf0b043061451660099fff9001a7faacb2c9c983842b4819526e2f944dc6c",
                "sha256:83168126ae2457d1a19b2af665cafa7ef78c2dcff192d7d7b5dad6b36c73ae24",
                "sha256:83cc3c35aeeceb67143914db67f685206e1aa37ea837d872f4bc28d7f80917c9",
                "sha256:8a86e8c2ac2ec87141e1c6cb00bdb18a4560f06e5f96769abcd1dda24dc0e764",
                "sha256:8a9bc4dcfc2bda69ee88cdb7a89b03f2b8eca668519b704384a264dea2db4209",
                "sha256:8c223aea52c359cc8fdee5bd3475532590755c269ec4d4fe581acd47a44e9952",
                "sha256:8cbb868e88c4eee1c53364bb343d226a3c0e959e791e6828030cb78f46cfcbe3",
                "sha256:902e2c9030cb042c49750bc70d72d830d42c64ea0df5ff8630c171e065c93dd7",
                "sha256:a25c0eb2d610b20e276e684be61c337396813b636b69373c17314283cb1a3b14",
                "sha256:a3efdf154844244e0dabe902cf1827fdced55fa5b144adec2a86e5ce50a99b97",
                "sha256:a6bf01b9237f794fa3bdad5089474067d28be7e199b356a18d3f247a45775f26",
                "sha256:a7eb5b06744b911b6668b427c8abc71b6d624e72d3dfffed00988fa1b4340f97",
                "sha256:b0be613d926c5dbb0d3fc6b58e4f2be4979f80ae76fda6e47309f011b388fe0c",
                "sha256:b211e161b6cc2790e0d640ad38e0429d06c944e5da23410f4dc61809dba25095",
                "sha256:b537dd282de1b53d9ae7cf9f3df36420c8618390f2da92100391f3ba8f3c141a",
                "sha256:b9e4981a65f8500a3a46bb3a1e81b9feb45cf0b2115ad9c4f8d517326d026940",
                "sha256:c549bb519456ee230e92f415c5b4d962094caac0fdbcc4ed22b576f66169764e",
                "sha256:c69ef5906dcd6ec565d4d887ba97ceb2a84f3b614307ee3b4780cb1ea40b1867",
                "sha256:c8b4a782aac43948308087b962c9ecb030ba98886ce6dee3ad7aafe8c5e1ce80",
                "sha256:cc7ebc37b03956a070260665079665eae69e5e96007694214f3a2107af96816a",
                "sha256:ccfdc7722df445c49dc6b5d514c3544cad99b53189165f7546793933050ac7fb",
                "sha256:d8bb745321716e7a11220a67c88212ecedde4021e1de4802e563baef9df921d2",
                "sha256:d94f535df9f539615bc3dbbef185ded3b609373bb44ca1afffcabac70202678a",
                "sha256:d98d2a8283c9928a9e5adf2f3c0181e095579e9732e1613aaa55d386e2bcb6c5",
                "sha256:dc24737d24ce0de762bee9c2a884639819485f679bbac8ab5be9c161ef6f9b2c",
                "sha256:e08fe1731f5429435b8dea1db9663f9ed1812915ff803fc9991c7c4841ed62ad",
                "sha256:e09cdf5aad507c8faa30d97884cc42932ed3a9c2b7f22cc3ccc607bae03981b3",
                "sha256:e152c26ffc30331e9d57591fc4c05453c209aa20ba299d1deb7173f7d1958c22",
                "sha256:e1b8f5e2f9637492b0da4d51f78ecb17786e61d6c461ead8542c944750faf4f9",
                "sha256:e39cacee70a98758f9b2da53ee175378f07c60113b1fa4fae40cbaee5583181e",
                "sha256:e64442aba81ed4df1ca494b87bf818569a1280acaa73071c68014f7a884e83f1",
                "sha256:e7dcb73f683c155885a3488646fcead3a895765fed16e93c9b80000bc69e96cb",
                "sha256:ecdcb0d4e9b08b739035f57a09330efc6f464bd7f942b63897395d996ca6ebd5",
                "sha256:ed90a9de4431cbfb2f3b2ef0c5fd356e61c85117b2be4db3eae28cb409f6e2d5",
                "sha256:f1c23527f8e13f526fededbb96f2e7888f179fe27c51d41c2724f7059b75b2fa",
                "sha256:f47d5f10922cf7f7dfcd1406bd0926cef6d866a75953c3745502dffd7ac197dd",
                "sha256:fe0820d169635e41c14a5d21514282e0b93347878666ec9d5d3bf0eed0649948",
                "sha256:ff66014687598823b6b23751884b4aa67eb934445406d95894dfc60cb7bfcc18"
            ],
            "index": "pypi",
            "version": "==4.2.0"
        },
        "simplejson": {
            "hashes": [
                "sha256:002f069c7bb9a86826616a78f1214fea5b993435720990eecb0bf10955b9cd0e",
                "sha256:00b673f0b3caf37a3d993bccf30a97290da6313b6ecc7d66937e9cd906d8f840",
                "sha256:07e408222931b1a2aab71e60e5f169fa7c0d74cacd4e0a6a0199716cb18dad76",
                "sha256:0de746c8f76355c79fd15eccd7ecde0b137cd911bdcdc463fc5c36ec3d8b98ea",
                "sha256:0f33d16fa7b5e2ed6ea85d7b31bc84cf8c73c40cc2c9f87071e0fffcd52f5342",
                "sha256:0f49858b5fc802081b71269f4a3aa5c5500ec6553637c9a0630f30a2a6541ea7",
                "sha256:17dbc7f71fa5b7e4a2acef38cf0be30461ae6659456a978ce7eeebeb5bdf9e1a",
                "sha256:17ec5e408fb6615250c1f18fb4eac3b2b99a85e8613bfc2dfa54827d0bf7f3e1",
                "sha256:1b4085151e00ab7ca66f269aff7153f0ec18589cb22e7ceb8b365709c723fdd0",
                "sha256:1f169402069f8cf93e359f607725b1d920c4dbe5bda4c520025d5fad8d20c1b7",
                "sha256:1fbacdbba3cf5a471c67a9ca6cd270bba9578d5bc22aef6028faebbdb98bbb15",
                "sha256:252f7cc5524bb5507a08377a4a75aa7ff4645f3dfca814d38bdbcf0f3c34d1ce",
                "sha256:2aeed35db00cdf5d49ff1e7d878afd38c86a5fead0f1d364d539ad4d7a869e0e",
                "sha256:2cc76435569e6c19574a8e913cfccbed832249b2b3b360caee9a4caf8ff866bf",
                "sha256:448ab14fa67b3ac235a8445d14ec6d56268c3dabbce78720f9efa6d698466710",
                "sha256:4609feb2ae66c132c6dcbe01dbfd4f6431afb4ff17303e37ca128fb6297cebd2",
                "sha256:46bafa7e794f0e91fde850d906b0dc29a624c726b27e75d23bc8c3e35a48f28b",
                "sha256:4a6199d302ec7d889e1aa6b493aa8e40b4dfa4bd85708f8c8f0c64ce5b8e0986",
                "sha256:4d8d016f70d241f82189bc9f6d1eb8558b3599861f2c501b3f32da7fdf4e92ac",
                "sha256:503da91993cc671fe7ebbf120c3ce868278de8226f158336afde874f7b7aa871",
                "sha256:54c63cc7857f16a20aa170ffda9ebce45a3b7ba764b67a5a95bfe7ae613a2710",
                "sha256:58a429d2c2fa80834115b923ff689622de8f214cf0dc4afa9f59e824b444ab31",
                "sha256:599e9c53d3203bc36ef68efec138ca76d201da7ac06a114fae78536a8c10e35b",
                "sha256:5f3dd31309ae5cc9f2df51d2d5cac89722dac3c853042ebefcaf7ad06ca19387",
                "sha256:6187cbea7fdede732fe0347ad08cd920ebd9faa30b6c48782cee494051ca97c6",
                "sha256:622cf0e1f870f189a0757fdcad7998a0c1dd46b0e53aeac9960556c141319c83",
                "sha256:638bdd2deaccd3b8e02b1783280bd82341df5e1faa59c4f0276f03f16eec13ea",
                "sha256:6804ad50aaf581df5c982fc101b0d932638066fe191074ded783602eb1c8982a",
                "sha256:7a4d9b266ae6db578719f1255c742e76ee4676593087f4f6b79a2bbae2b1dcc5",
                "sha256:7a9476dcd72aeba7d55c4800b9cd2204201af3539894b8512d74597e35a3033a",
                "sha256:7b95c5cf71c16e4fdaa724719aaf8ccbed533e2df57a20bcff825ceeead27688",
                "sha256:8493d2c1a940471b07d7c9c356a3f4eee780df073da2917418d0fe8669b54f99",
                "sha256:875cfb43b622672218045dc927a86fc7c4c8111264c1d303aca5de33d5df479e",
                "sha256:8d762267c4af617e1798bd0151f626105d06a88f214e3874b77eb89106f899fe",
                "sha256:94c17d01e4c65e63deec46c984bb810de5e3a1259eb6bacdca63f3efc9c4c673",
                "sha256:96979ff7f0daf47422d5f95d2d006da3210e0490a166bce2529f59f55047fc67",
                "sha256:97139bf5134d713710665a6edb9500d69b93642c4b6b44b20800232dbd0f5b39",
                "sha256:989b31d586954e65170ad3ec597218a6790c401b82da6193e8a897a06aa7946e",
                "sha256:98b4c824f15436f1b22fe6d73c42ffacb246f7efc4d9dbbee542dd72355ecc43",
                "sha256:9aff3c24017a7819c76b2f177d4fe8334b3d4cb6f702a2d7c666b3d57c36ffb4",
                "sha256:9db78e18624f94d7b5642bf487244f803dab844e771d92e83f85f22da21ffe2d",
                "sha256:a0e6dd5a0b8c76fb7522470789f1af793d39d6edbd4e40853e7be550ad49c430",
                "sha256:a2f70d8170c7e02166a4c91462581e6ae5f35e3351a6b6c5142adcb04c7153ac",
                "sha256:a814227fa08cae435ac7a42dcd2a04a7ec4a3cee23b7f83f9544cd26f452dcc4",
                "sha256:aa9ecdd1d7ecbc7d1066c37cfbe52f65adf64b11b22d481a98fe1d3675dfff4b",
                "sha256:b2b19d7aa4e9a1e7bf8caaf5f478a790190c60136314f45bb7702cb5a9337266",
                "sha256:b4997bd8332cef3923402a07351571788f552f55ea1394ffbfccd4d203a8a05f",
                "sha256:b71fef8ee41d59509c7f4afac7f627ed143c9e6db9eb08cfbba85e4c4dc5e67b",
                "sha256:bd67d6fad7f4cd7c9cb7fad32d78ce32862fdb574b898447987a5de22fd37d73",
                "sha256:ca22993a1a00440392c6c76f39addab8d97c706d2a8bcc2c9b2b6cb2cd7f41df",
                "sha256:ce1c0580372d3c9bfa151bd0721a9bd5647b9b2245d0588d813fdbd2eb5d6f22",
                "sha256:d522f28f7b252454df86ac3db5a0e1fe5ae03c8fc0cd1592c912b07c9fad6c29",
                "sha256:d5d25cc5dad31a10d7a8196125515cc3aa68187c8953459fcaf127c2c8410f51",
                "sha256:d9f7a692c11de20cb8ec680584815315e03d1404a6e299d36489b0fb6447d98d",
                "sha256:d9fa2ad4cabb5054faa8d4a44b84134b0ec9d1421f5e9264d057d6be4d13c7fa",
                "sha256:db53a85f4db0dbd9e5f6277d9153bcaa2ccb87b0d672c6a35f19432b3f2301a3",
                "sha256:db9d36c4c7997c2a2513a5d218fd90b53bfeaf7e727f94aaf3576973378b3bce",
                "sha256:e80f02e68d25c222471fcc5d1933275b8eb396e5e40b7863e4e0a43b3c810059",
                "sha256:e84bd1c29e83ec74a95de070473742eb52d08502f2428eff5751671081e0a0a6",
                "sha256:f0e12bdafdf7e32c5ad4a073e325ea0d659d4277af8b3d8eccf3101c56879619",
                "sha256:fd56a9e0c63a1f9c37621fe298c77795aefd2a26dca80dcae27688586c40b4bb"
            ],
            "index": "pypi",
            "version": "==3.18.0"
        },
        "six": {
            "hashes": [
                "sha256:1e61c37477a1626458e36f7b1d82aa5c9b094fa4802892072e49de9c60c4c926",
                "sha256:8abb2f1d86890a2dfb989f9a77cfcfd3e47c2a354b01111771326f8aa26e0254"
            ],
            "markers": "python_version >= '2.7' and python_version not in '3.0, 3.1, 3.2, 3.3'",
            "version": "==1.16.0"
        },
        "sniffio": {
            "hashes": [
                "sha256:e60305c5e5d314f5389259b7f22aaa33d8f7dee49763119234af3755c55b9101",
                "sha256:eecefdce1e5bbfb7ad2eeaabf7c1eeb404d7757c379bd1f7e5cce9d8bf425384"
            ],
            "markers": "python_version >= '3.7'",
            "version": "==1.3.0"
        },
        "stack-data": {
            "hashes": [
                "sha256:6c9a10eb5f342415fe085db551d673955611afb821551f554d91772415464315",
                "sha256:960cb054d6a1b2fdd9cbd529e365b3c163e8dabf1272e02cfe36b58403cff5c6"
            ],
            "version": "==0.6.1"
        },
        "starlette": {
            "hashes": [
                "sha256:42fcf3122f998fefce3e2c5ad7e5edbf0f02cf685d646a83a08d404726af5084",
                "sha256:c0414d5a56297d37f3db96a84034d61ce29889b9eaccf65eb98a0b39441fcaa3"
            ],
            "markers": "python_version >= '3.7'",
            "version": "==0.20.4"
        },
        "traitlets": {
            "hashes": [
                "sha256:1201b2c9f76097195989cdf7f65db9897593b0dfd69e4ac96016661bb6f0d30f",
                "sha256:b122f9ff2f2f6c1709dab289a05555be011c87828e911c0cf4074b85cb780a79"
            ],
            "markers": "python_version >= '3.7'",
            "version": "==5.5.0"
        },
        "typing-extensions": {
            "hashes": [
                "sha256:1511434bb92bf8dd198c12b1cc812e800d4181cfcb867674e0f8279cc93087aa",
                "sha256:16fa4864408f655d35ec496218b85f79b3437c829e93320c7c9215ccfd92489e"
            ],
            "markers": "python_version >= '3.7'",
            "version": "==4.4.0"
        },
        "uvicorn": {
            "hashes": [
                "sha256:0abd429ebb41e604ed8d2be6c60530de3408f250e8d2d84967d85ba9e86fe3af",
                "sha256:9a66e7c42a2a95222f76ec24a4b754c158261c4696e683b9dadc72b590e0311b"
            ],
            "index": "pypi",
            "version": "==0.18.3"
        },
        "wcwidth": {
            "hashes": [
                "sha256:beb4802a9cebb9144e99086eff703a642a13d6a0052920003a230f3294bbe784",
                "sha256:c4d647b99872929fdb7bdcaa4fbe7f01413ed3d98077df798530e5b04f116c83"
            ],
            "version": "==0.2.5"
        }
    },
    "develop": {}
}
